
Microsoft Visual Studio Solution File, Format Version 12.00
# Visual Studio Version 17
VisualStudioVersion = 17.14.36408.4
MinimumVisualStudioVersion = 10.0.40219.1
Project("{8BC9CEB8-8B4A-11D0-8D11-00A0C91BC942}") = "Skullgirls Community's Cut", "Skullgirls Community's Cut.vcxproj", "{CCFC9B22-C397-93F7-1DF8-769C53B2E47A}"
EndProject
Global
	GlobalSection(SolutionConfigurationPlatforms) = preSolution
		Debug|x86 = Debug|x86
		Release|x86 = Release|x86
	EndGlobalSection
	GlobalSection(ProjectConfigurationPlatforms) = postSolution
		{CCFC9B22-C397-93F7-1DF8-769C53B2E47A}.Debug|x86.ActiveCfg = Debug|Win32
		{CCFC9B22-C397-93F7-1DF8-769C53B2E47A}.Debug|x86.Build.0 = Debug|Win32
		{CCFC9B22-C397-93F7-1DF8-769C53B2E47A}.Release|x86.ActiveCfg = Release|Win32
		{CCFC9B22-C397-93F7-1DF8-769C53B2E47A}.Release|x86.Build.0 = Release|Win32
	EndGlobalSection
	GlobalSection(SolutionProperties) = preSolution
		HideSolutionNode = FALSE
	EndGlobalSection
	GlobalSection(ExtensibilityGlobals) = postSolution
		SolutionGuid = {1E45CEE9-B00A-4992-820E-C15F868CB2AC}
	EndGlobalSection
EndGlobal
